
Microsoft Visual Studio Solution File, Format Version 12.00
# Visual Studio Version 17
VisualStudioVersion = 17.0.31912.275
MinimumVisualStudioVersion = 10.0.40219.1
Project("{9A19103F-16F7-4668-BE54-9A1E7A4F7556}") = "Trisatech.Kamlinko.WebApp", "Trisatech.Kamlinko.WebApp.csproj", "{A6E70934-8ACE-42A8-BF60-2E28F9A54532}"
EndProject
Global
	GlobalSection(SolutionConfigurationPlatforms) = preSolution
		Debug|Any CPU = Debug|Any CPU
		Release|Any CPU = Release|Any CPU
	EndGlobalSection
	GlobalSection(ProjectConfigurationPlatforms) = postSolution
		{A6E70934-8ACE-42A8-BF60-2E28F9A54532}.Debug|Any CPU.ActiveCfg = Debug|Any CPU
		{A6E70934-8ACE-42A8-BF60-2E28F9A54532}.Debug|Any CPU.Build.0 = Debug|Any CPU
		{A6E70934-8ACE-42A8-BF60-2E28F9A54532}.Release|Any CPU.ActiveCfg = Release|Any CPU
		{A6E70934-8ACE-42A8-BF60-2E28F9A54532}.Release|Any CPU.Build.0 = Release|Any CPU
	EndGlobalSection
	GlobalSection(SolutionProperties) = preSolution
		HideSolutionNode = FALSE
	EndGlobalSection
	GlobalSection(ExtensibilityGlobals) = postSolution
		SolutionGuid = {C168EECF-3014-46DC-88BB-0C3A4C0E4F36}
	EndGlobalSection
EndGlobal
